
Microsoft Visual Studio Solution File, Format Version 12.00
# Visual Studio Version 17
VisualStudioVersion = 17.3.32922.545
MinimumVisualStudioVersion = 10.0.40219.1
Project("{9A19103F-16F7-4668-BE54-9A1E7A4F7556}") = "GerenciadorFinancasApi", "GerenciadorFinancas\GerenciadorFinancasApi.csproj", "{476CE044-8131-40B8-A531-61EF68B91EDF}"
EndProject
Project("{9A19103F-16F7-4668-BE54-9A1E7A4F7556}") = "GerenciadorFinancas.Infraestrutura", "GerenciadorFinancas.Infraestrutura\GerenciadorFinancas.Infraestrutura.csproj", "{10043988-8853-496E-8DB3-6B9587B64E8D}"
EndProject
Project("{9A19103F-16F7-4668-BE54-9A1E7A4F7556}") = "GerenciadorFinancas.Dominio", "GerenciadorFinancas.Dominio\GerenciadorFinancas.Dominio.csproj", "{D08BCE6D-0F23-4E61-A4CF-3490F5567622}"
EndProject
Project("{9A19103F-16F7-4668-BE54-9A1E7A4F7556}") = "GerenciadorFinancas.Aplicacao", "GerenciadorFinancas.Aplicacao\GerenciadorFinancas.Aplicacao.csproj", "{D3EE936C-F1CA-4F7A-A6F0-524C19C519B2}"
EndProject
Project("{FAE04EC0-301F-11D3-BF4B-00C04F79EFBC}") = "GerenciadorFinancas.Identity", "GerenciadorFinancas.Identity\GerenciadorFinancas.Identity.csproj", "{A2B443E7-BF34-4C00-87D3-97D21FB4AF59}"
EndProject
Global
	GlobalSection(SolutionConfigurationPlatforms) = preSolution
		Debug|Any CPU = Debug|Any CPU
		Release|Any CPU = Release|Any CPU
	EndGlobalSection
	GlobalSection(ProjectConfigurationPlatforms) = postSolution
		{476CE044-8131-40B8-A531-61EF68B91EDF}.Debug|Any CPU.ActiveCfg = Debug|Any CPU
		{476CE044-8131-40B8-A531-61EF68B91EDF}.Debug|Any CPU.Build.0 = Debug|Any CPU
		{476CE044-8131-40B8-A531-61EF68B91EDF}.Release|Any CPU.ActiveCfg = Release|Any CPU
		{476CE044-8131-40B8-A531-61EF68B91EDF}.Release|Any CPU.Build.0 = Release|Any CPU
		{10043988-8853-496E-8DB3-6B9587B64E8D}.Debug|Any CPU.ActiveCfg = Debug|Any CPU
		{10043988-8853-496E-8DB3-6B9587B64E8D}.Debug|Any CPU.Build.0 = Debug|Any CPU
		{10043988-8853-496E-8DB3-6B9587B64E8D}.Release|Any CPU.ActiveCfg = Release|Any CPU
		{10043988-8853-496E-8DB3-6B9587B64E8D}.Release|Any CPU.Build.0 = Release|Any CPU
		{D08BCE6D-0F23-4E61-A4CF-3490F5567622}.Debug|Any CPU.ActiveCfg = Debug|Any CPU
		{D08BCE6D-0F23-4E61-A4CF-3490F5567622}.Debug|Any CPU.Build.0 = Debug|Any CPU
		{D08BCE6D-0F23-4E61-A4CF-3490F5567622}.Release|Any CPU.ActiveCfg = Release|Any CPU
		{D08BCE6D-0F23-4E61-A4CF-3490F5567622}.Release|Any CPU.Build.0 = Release|Any CPU
		{D3EE936C-F1CA-4F7A-A6F0-524C19C519B2}.Debug|Any CPU.ActiveCfg = Debug|Any CPU
		{D3EE936C-F1CA-4F7A-A6F0-524C19C519B2}.Debug|Any CPU.Build.0 = Debug|Any CPU
		{D3EE936C-F1CA-4F7A-A6F0-524C19C519B2}.Release|Any CPU.ActiveCfg = Release|Any CPU
		{D3EE936C-F1CA-4F7A-A6F0-524C19C519B2}.Release|Any CPU.Build.0 = Release|Any CPU
		{A2B443E7-BF34-4C00-87D3-97D21FB4AF59}.Debug|Any CPU.ActiveCfg = Debug|Any CPU
		{A2B443E7-BF34-4C00-87D3-97D21FB4AF59}.Debug|Any CPU.Build.0 = Debug|Any CPU
		{A2B443E7-BF34-4C00-87D3-97D21FB4AF59}.Release|Any CPU.ActiveCfg = Release|Any CPU
		{A2B443E7-BF34-4C00-87D3-97D21FB4AF59}.Release|Any CPU.Build.0 = Release|Any CPU
	EndGlobalSection
	GlobalSection(SolutionProperties) = preSolution
		HideSolutionNode = FALSE
	EndGlobalSection
	GlobalSection(ExtensibilityGlobals) = postSolution
		SolutionGuid = {4D49191B-CEF3-4422-BEE5-1D78D9A63A3D}
	EndGlobalSection
EndGlobal
